// !$*UTF8*$!
{
	archiveVersion = 1;
	classes = {
	};
	objectVersion = 50;
	objects = {

/* Begin PBXBuildFile section */
		63FEFCFD219924C1000647B8 /* AppDelegate.m in Sources */ = {isa = PBXBuildFile; fileRef = 63FEFCFC219924C1000647B8 /* AppDelegate.m */; };
		63FEFD00219924C1000647B8 /* ViewController.m in Sources */ = {isa = PBXBuildFile; fileRef = 63FEFCFF219924C1000647B8 /* ViewController.m */; };
		63FEFD03219924C1000647B8 /* Main.storyboard in Resources */ = {isa = PBXBuildFile; fileRef = 63FEFD01219924C1000647B8 /* Main.storyboard */; };
		63FEFD05219924C2000647B8 /* Assets.xcassets in Resources */ = {isa = PBXBuildFile; fileRef = 63FEFD04219924C2000647B8 /* Assets.xcassets */; };
		63FEFD08219924C2000647B8 /* LaunchScreen.storyboard in Resources */ = {isa = PBXBuildFile; fileRef = 63FEFD06219924C2000647B8 /* LaunchScreen.storyboard */; };
		63FEFD0B219924C2000647B8 /* main.m in Sources */ = {isa = PBXBuildFile; fileRef = 63FEFD0A219924C2000647B8 /* main.m */; };
		63FEFD3B21992519000647B8 /* AxisController.m in Sources */ = {isa = PBXBuildFile; fileRef = 63FEFD1421992519000647B8 /* AxisController.m */; };
		63FEFD3C21992519000647B8 /* AxisAppearance.m in Sources */ = {isa = PBXBuildFile; fileRef = 63FEFD1621992519000647B8 /* AxisAppearance.m */; };
		63FEFD3D21992519000647B8 /* AxisController+Appearance.m in Sources */ = {isa = PBXBuildFile; fileRef = 63FEFD1721992519000647B8 /* AxisController+Appearance.m */; };
		63FEFD3E21992519000647B8 /* AxisDynamicItem.m in Sources */ = {isa = PBXBuildFile; fileRef = 63FEFD1C21992519000647B8 /* AxisDynamicItem.m */; };
		63FEFD3F21992519000647B8 /* AxisController+Dynamic.m in Sources */ = {isa = PBXBuildFile; fileRef = 63FEFD1D21992519000647B8 /* AxisController+Dynamic.m */; };
		63FEFD4021992519000647B8 /* AxisGearRenderer.m in Sources */ = {isa = PBXBuildFile; fileRef = 63FEFD2221992519000647B8 /* AxisGearRenderer.m */; };
		63FEFD4121992519000647B8 /* AxisAppearanceRecognizer.m in Sources */ = {isa = PBXBuildFile; fileRef = 63FEFD2521992519000647B8 /* AxisAppearanceRecognizer.m */; };
		63FEFD4221992519000647B8 /* AxisClockRenderer.m in Sources */ = {isa = PBXBuildFile; fileRef = 63FEFD2621992519000647B8 /* AxisClockRenderer.m */; };
		63FEFD4321992519000647B8 /* AxisRenderer.m in Sources */ = {isa = PBXBuildFile; fileRef = 63FEFD2921992519000647B8 /* AxisRenderer.m */; };
		63FEFD4421992519000647B8 /* AxisRuleRenderer.m in Sources */ = {isa = PBXBuildFile; fileRef = 63FEFD2B21992519000647B8 /* AxisRuleRenderer.m */; };
		63FEFD4521992519000647B8 /* AxisDigitalDivision.m in Sources */ = {isa = PBXBuildFile; fileRef = 63FEFD2E21992519000647B8 /* AxisDigitalDivision.m */; };
		63FEFD4621992519000647B8 /* AxisRule.m in Sources */ = {isa = PBXBuildFile; fileRef = 63FEFD3121992519000647B8 /* AxisRule.m */; };
		63FEFD4721992519000647B8 /* AxisBaseLine.m in Sources */ = {isa = PBXBuildFile; fileRef = 63FEFD3521992519000647B8 /* AxisBaseLine.m */; };
		63FEFD4821992519000647B8 /* AxisBackground.m in Sources */ = {isa = PBXBuildFile; fileRef = 63FEFD3621992519000647B8 /* AxisBackground.m */; };
		63FEFD4921992519000647B8 /* AxisData.m in Sources */ = {isa = PBXBuildFile; fileRef = 63FEFD3721992519000647B8 /* AxisData.m */; };
		63FEFD4A21992519000647B8 /* AxisView.m in Sources */ = {isa = PBXBuildFile; fileRef = 63FEFD3A21992519000647B8 /* AxisView.m */; };
/* End PBXBuildFile section */

/* Begin PBXFileReference section */
		63FEFCF8219924C1000647B8 /* Axis.app */ = {isa = PBXFileReference; explicitFileType = wrapper.application; includeInIndex = 0; path = Axis.app; sourceTree = BUILT_PRODUCTS_DIR; };
		63FEFCFB219924C1000647B8 /* AppDelegate.h */ = {isa = PBXFileReference; lastKnownFileType = sourcecode.c.h; path = AppDelegate.h; sourceTree = "<group>"; };
		63FEFCFC219924C1000647B8 /* AppDelegate.m */ = {isa = PBXFileReference; lastKnownFileType = sourcecode.c.objc; path = AppDelegate.m; sourceTree = "<group>"; };
		63FEFCFE219924C1000647B8 /* ViewController.h */ = {isa = PBXFileReference; lastKnownFileType = sourcecode.c.h; path = ViewController.h; sourceTree = "<group>"; };
		63FEFCFF219924C1000647B8 /* ViewController.m */ = {isa = PBXFileReference; lastKnownFileType = sourcecode.c.objc; path = ViewController.m; sourceTree = "<group>"; };
		63FEFD02219924C1000647B8 /* Base */ = {isa = PBXFileReference; lastKnownFileType = file.storyboard; name = Base; path = Base.lproj/Main.storyboard; sourceTree = "<group>"; };
		63FEFD04219924C2000647B8 /* Assets.xcassets */ = {isa = PBXFileReference; lastKnownFileType = folder.assetcatalog; path = Assets.xcassets; sourceTree = "<group>"; };
		63FEFD07219924C2000647B8 /* Base */ = {isa = PBXFileReference; lastKnownFileType = file.storyboard; name = Base; path = Base.lproj/LaunchScreen.storyboard; sourceTree = "<group>"; };
		63FEFD09219924C2000647B8 /* Info.plist */ = {isa = PBXFileReference; lastKnownFileType = text.plist.xml; path = Info.plist; sourceTree = "<group>"; };
		63FEFD0A219924C2000647B8 /* main.m */ = {isa = PBXFileReference; lastKnownFileType = sourcecode.c.objc; path = main.m; sourceTree = "<group>"; };
		63FEFD1421992519000647B8 /* AxisController.m */ = {isa = PBXFileReference; fileEncoding = 4; lastKnownFileType = sourcecode.c.objc; path = AxisController.m; sourceTree = "<group>"; };
		63FEFD1621992519000647B8 /* AxisAppearance.m */ = {isa = PBXFileReference; fileEncoding = 4; lastKnownFileType = sourcecode.c.objc; path = AxisAppearance.m; sourceTree = "<group>"; };
		63FEFD1721992519000647B8 /* AxisController+Appearance.m */ = {isa = PBXFileReference; fileEncoding = 4; lastKnownFileType = sourcecode.c.objc; path = "AxisController+Appearance.m"; sourceTree = "<group>"; };
		63FEFD1821992519000647B8 /* AxisAppearance.h */ = {isa = PBXFileReference; fileEncoding = 4; lastKnownFileType = sourcecode.c.h; path = AxisAppearance.h; sourceTree = "<group>"; };
		63FEFD1921992519000647B8 /* AxisController+Appearance.h */ = {isa = PBXFileReference; fileEncoding = 4; lastKnownFileType = sourcecode.c.h; path = "AxisController+Appearance.h"; sourceTree = "<group>"; };
		63FEFD1B21992519000647B8 /* AxisController+Dynamic.h */ = {isa = PBXFileReference; fileEncoding = 4; lastKnownFileType = sourcecode.c.h; path = "AxisController+Dynamic.h"; sourceTree = "<group>"; };
		63FEFD1C21992519000647B8 /* AxisDynamicItem.m */ = {isa = PBXFileReference; fileEncoding = 4; lastKnownFileType = sourcecode.c.objc; path = AxisDynamicItem.m; sourceTree = "<group>"; };
		63FEFD1D21992519000647B8 /* AxisController+Dynamic.m */ = {isa = PBXFileReference; fileEncoding = 4; lastKnownFileType = sourcecode.c.objc; path = "AxisController+Dynamic.m"; sourceTree = "<group>"; };
		63FEFD1E21992519000647B8 /* AxisDynamicItem.h */ = {isa = PBXFileReference; fileEncoding = 4; lastKnownFileType = sourcecode.c.h; path = AxisDynamicItem.h; sourceTree = "<group>"; };
		63FEFD1F21992519000647B8 /* AxisController.h */ = {isa = PBXFileReference; fileEncoding = 4; lastKnownFileType = sourcecode.c.h; path = AxisController.h; sourceTree = "<group>"; };
		63FEFD2121992519000647B8 /* AxisClockRenderer.h */ = {isa = PBXFileReference; fileEncoding = 4; lastKnownFileType = sourcecode.c.h; path = AxisClockRenderer.h; sourceTree = "<group>"; };
		63FEFD2221992519000647B8 /* AxisGearRenderer.m */ = {isa = PBXFileReference; fileEncoding = 4; lastKnownFileType = sourcecode.c.objc; path = AxisGearRenderer.m; sourceTree = "<group>"; };
		63FEFD2321992519000647B8 /* AxisRuleRenderer.h */ = {isa = PBXFileReference; fileEncoding = 4; lastKnownFileType = sourcecode.c.h; path = AxisRuleRenderer.h; sourceTree = "<group>"; };
		63FEFD2421992519000647B8 /* AxisRenderer.h */ = {isa = PBXFileReference; fileEncoding = 4; lastKnownFileType = sourcecode.c.h; path = AxisRenderer.h; sourceTree = "<group>"; };
		63FEFD2521992519000647B8 /* AxisAppearanceRecognizer.m */ = {isa = PBXFileReference; fileEncoding = 4; lastKnownFileType = sourcecode.c.objc; path = AxisAppearanceRecognizer.m; sourceTree = "<group>"; };
		63FEFD2621992519000647B8 /* AxisClockRenderer.m */ = {isa = PBXFileReference; fileEncoding = 4; lastKnownFileType = sourcecode.c.objc; path = AxisClockRenderer.m; sourceTree = "<group>"; };
		63FEFD2721992519000647B8 /* AxisGearRenderer.h */ = {isa = PBXFileReference; fileEncoding = 4; lastKnownFileType = sourcecode.c.h; path = AxisGearRenderer.h; sourceTree = "<group>"; };
		63FEFD2821992519000647B8 /* AxisAppearanceRecognizer.h */ = {isa = PBXFileReference; fileEncoding = 4; lastKnownFileType = sourcecode.c.h; path = AxisAppearanceRecognizer.h; sourceTree = "<group>"; };
		63FEFD2921992519000647B8 /* AxisRenderer.m */ = {isa = PBXFileReference; fileEncoding = 4; lastKnownFileType = sourcecode.c.objc; path = AxisRenderer.m; sourceTree = "<group>"; };
		63FEFD2A21992519000647B8 /* AxisVisitor.h */ = {isa = PBXFileReference; fileEncoding = 4; lastKnownFileType = sourcecode.c.h; path = AxisVisitor.h; sourceTree = "<group>"; };
		63FEFD2B21992519000647B8 /* AxisRuleRenderer.m */ = {isa = PBXFileReference; fileEncoding = 4; lastKnownFileType = sourcecode.c.objc; path = AxisRuleRenderer.m; sourceTree = "<group>"; };
		63FEFD2D21992519000647B8 /* Axis.h */ = {isa = PBXFileReference; fileEncoding = 4; lastKnownFileType = sourcecode.c.h; path = Axis.h; sourceTree = "<group>"; };
		63FEFD2E21992519000647B8 /* AxisDigitalDivision.m */ = {isa = PBXFileReference; fileEncoding = 4; lastKnownFileType = sourcecode.c.objc; path = AxisDigitalDivision.m; sourceTree = "<group>"; };
		63FEFD2F21992519000647B8 /* AxisBackground.h */ = {isa = PBXFileReference; fileEncoding = 4; lastKnownFileType = sourcecode.c.h; path = AxisBackground.h; sourceTree = "<group>"; };
		63FEFD3021992519000647B8 /* AxisBaseLine.h */ = {isa = PBXFileReference; fileEncoding = 4; lastKnownFileType = sourcecode.c.h; path = AxisBaseLine.h; sourceTree = "<group>"; };
		63FEFD3121992519000647B8 /* AxisRule.m */ = {isa = PBXFileReference; fileEncoding = 4; lastKnownFileType = sourcecode.c.objc; path = AxisRule.m; sourceTree = "<group>"; };
		63FEFD3221992519000647B8 /* AxisData.h */ = {isa = PBXFileReference; fileEncoding = 4; lastKnownFileType = sourcecode.c.h; path = AxisData.h; sourceTree = "<group>"; };
		63FEFD3321992519000647B8 /* AxisDigitalDivision.h */ = {isa = PBXFileReference; fileEncoding = 4; lastKnownFileType = sourcecode.c.h; path = AxisDigitalDivision.h; sourceTree = "<group>"; };
		63FEFD3421992519000647B8 /* AxisRule.h */ = {isa = PBXFileReference; fileEncoding = 4; lastKnownFileType = sourcecode.c.h; path = AxisRule.h; sourceTree = "<group>"; };
		63FEFD3521992519000647B8 /* AxisBaseLine.m */ = {isa = PBXFileReference; fileEncoding = 4; lastKnownFileType = sourcecode.c.objc; path = AxisBaseLine.m; sourceTree = "<group>"; };
		63FEFD3621992519000647B8 /* AxisBackground.m */ = {isa = PBXFileReference; fileEncoding = 4; lastKnownFileType = sourcecode.c.objc; path = AxisBackground.m; sourceTree = "<group>"; };
		63FEFD3721992519000647B8 /* AxisData.m */ = {isa = PBXFileReference; fileEncoding = 4; lastKnownFileType = sourcecode.c.objc; path = AxisData.m; sourceTree = "<group>"; };
		63FEFD3921992519000647B8 /* AxisView.h */ = {isa = PBXFileReference; fileEncoding = 4; lastKnownFileType = sourcecode.c.h; path = AxisView.h; sourceTree = "<group>"; };
		63FEFD3A21992519000647B8 /* AxisView.m */ = {isa = PBXFileReference; fileEncoding = 4; lastKnownFileType = sourcecode.c.objc; path = AxisView.m; sourceTree = "<group>"; };
/* End PBXFileReference section */

/* Begin PBXFrameworksBuildPhase section */
		63FEFCF5219924C1000647B8 /* Frameworks */ = {
			isa = PBXFrameworksBuildPhase;
			buildActionMask = 2147483647;
			files = (
			);
			runOnlyForDeploymentPostprocessing = 0;
		};
/* End PBXFrameworksBuildPhase section */

/* Begin PBXGroup section */
		63FEFCEF219924C1000647B8 = {
			isa = PBXGroup;
			children = (
				63FEFCFA219924C1000647B8 /* Axis */,
				63FEFCF9219924C1000647B8 /* Products */,
			);
			sourceTree = "<group>";
		};
		63FEFCF9219924C1000647B8 /* Products */ = {
			isa = PBXGroup;
			children = (
				63FEFCF8219924C1000647B8 /* Axis.app */,
			);
			name = Products;
			sourceTree = "<group>";
		};
		63FEFCFA219924C1000647B8 /* Axis */ = {
			isa = PBXGroup;
			children = (
				63FEFD1321992519000647B8 /* Axis */,
				63FEFCFB219924C1000647B8 /* AppDelegate.h */,
				63FEFCFC219924C1000647B8 /* AppDelegate.m */,
				63FEFCFE219924C1000647B8 /* ViewController.h */,
				63FEFCFF219924C1000647B8 /* ViewController.m */,
				63FEFD01219924C1000647B8 /* Main.storyboard */,
				63FEFD04219924C2000647B8 /* Assets.xcassets */,
				63FEFD06219924C2000647B8 /* LaunchScreen.storyboard */,
				63FEFD09219924C2000647B8 /* Info.plist */,
				63FEFD0A219924C2000647B8 /* main.m */,
			);
			path = Axis;
			sourceTree = "<group>";
		};
		63FEFD1321992519000647B8 /* Axis */ = {
			isa = PBXGroup;
			children = (
				63FEFD1421992519000647B8 /* AxisController.m */,
				63FEFD1521992519000647B8 /* AppearanceCategory */,
				63FEFD1A21992519000647B8 /* DynamicCategory */,
				63FEFD1F21992519000647B8 /* AxisController.h */,
				63FEFD2021992519000647B8 /* Visitor */,
				63FEFD2C21992519000647B8 /* Model */,
				63FEFD3821992519000647B8 /* View */,
			);
			path = Axis;
			sourceTree = "<group>";
		};
		63FEFD1521992519000647B8 /* AppearanceCategory */ = {
			isa = PBXGroup;
			children = (
				63FEFD1621992519000647B8 /* AxisAppearance.m */,
				63FEFD1721992519000647B8 /* AxisController+Appearance.m */,
				63FEFD1821992519000647B8 /* AxisAppearance.h */,
				63FEFD1921992519000647B8 /* AxisController+Appearance.h */,
			);
			path = AppearanceCategory;
			sourceTree = "<group>";
		};
		63FEFD1A21992519000647B8 /* DynamicCategory */ = {
			isa = PBXGroup;
			children = (
				63FEFD1B21992519000647B8 /* AxisController+Dynamic.h */,
				63FEFD1C21992519000647B8 /* AxisDynamicItem.m */,
				63FEFD1D21992519000647B8 /* AxisController+Dynamic.m */,
				63FEFD1E21992519000647B8 /* AxisDynamicItem.h */,
			);
			path = DynamicCategory;
			sourceTree = "<group>";
		};
		63FEFD2021992519000647B8 /* Visitor */ = {
			isa = PBXGroup;
			children = (
				63FEFD2121992519000647B8 /* AxisClockRenderer.h */,
				63FEFD2221992519000647B8 /* AxisGearRenderer.m */,
				63FEFD2321992519000647B8 /* AxisRuleRenderer.h */,
				63FEFD2421992519000647B8 /* AxisRenderer.h */,
				63FEFD2521992519000647B8 /* AxisAppearanceRecognizer.m */,
				63FEFD2621992519000647B8 /* AxisClockRenderer.m */,
				63FEFD2721992519000647B8 /* AxisGearRenderer.h */,
				63FEFD2821992519000647B8 /* AxisAppearanceRecognizer.h */,
				63FEFD2921992519000647B8 /* AxisRenderer.m */,
				63FEFD2A21992519000647B8 /* AxisVisitor.h */,
				63FEFD2B21992519000647B8 /* AxisRuleRenderer.m */,
			);
			path = Visitor;
			sourceTree = "<group>";
		};
		63FEFD2C21992519000647B8 /* Model */ = {
			isa = PBXGroup;
			children = (
				63FEFD2D21992519000647B8 /* Axis.h */,
				63FEFD2E21992519000647B8 /* AxisDigitalDivision.m */,
				63FEFD2F21992519000647B8 /* AxisBackground.h */,
				63FEFD3021992519000647B8 /* AxisBaseLine.h */,
				63FEFD3121992519000647B8 /* AxisRule.m */,
				63FEFD3221992519000647B8 /* AxisData.h */,
				63FEFD3321992519000647B8 /* AxisDigitalDivision.h */,
				63FEFD3421992519000647B8 /* AxisRule.h */,
				63FEFD3521992519000647B8 /* AxisBaseLine.m */,
				63FEFD3621992519000647B8 /* AxisBackground.m */,
				63FEFD3721992519000647B8 /* AxisData.m */,
			);
			path = Model;
			sourceTree = "<group>";
		};
		63FEFD3821992519000647B8 /* View */ = {
			isa = PBXGroup;
			children = (
				63FEFD3921992519000647B8 /* AxisView.h */,
				63FEFD3A21992519000647B8 /* AxisView.m */,
			);
			path = View;
			sourceTree = "<group>";
		};
/* End PBXGroup section */

/* Begin PBXNativeTarget section */
		63FEFCF7219924C1000647B8 /* Axis */ = {
			isa = PBXNativeTarget;
			buildConfigurationList = 63FEFD0E219924C2000647B8 /* Build configuration list for PBXNativeTarget "Axis" */;
			buildPhases = (
				63FEFCF4219924C1000647B8 /* Sources */,
				63FEFCF5219924C1000647B8 /* Frameworks */,
				63FEFCF6219924C1000647B8 /* Resources */,
			);
			buildRules = (
			);
			dependencies = (
			);
			name = Axis;
			productName = Axis;
			productReference = 63FEFCF8219924C1000647B8 /* Axis.app */;
			productType = "com.apple.product-type.application";
		};
/* End PBXNativeTarget section */

/* Begin PBXProject section */
		63FEFCF0219924C1000647B8 /* Project object */ = {
			isa = PBXProject;
			attributes = {
				LastUpgradeCheck = 1000;
				ORGANIZATIONNAME = daniel;
				TargetAttributes = {
					63FEFCF7219924C1000647B8 = {
						CreatedOnToolsVersion = 10.0;
					};
				};
			};
			buildConfigurationList = 63FEFCF3219924C1000647B8 /* Build configuration list for PBXProject "Axis" */;
			compatibilityVersion = "Xcode 9.3";
			developmentRegion = en;
			hasScannedForEncodings = 0;
			knownRegions = (
				en,
				Base,
			);
			mainGroup = 63FEFCEF219924C1000647B8;
			productRefGroup = 63FEFCF9219924C1000647B8 /* Products */;
			projectDirPath = "";
			projectRoot = "";
			targets = (
				63FEFCF7219924C1000647B8 /* Axis */,
			);
		};
/* End PBXProject section */

/* Begin PBXResourcesBuildPhase section */
		63FEFCF6219924C1000647B8 /* Resources */ = {
			isa = PBXResourcesBuildPhase;
			buildActionMask = 2147483647;
			files = (
				63FEFD08219924C2000647B8 /* LaunchScreen.storyboard in Resources */,
				63FEFD05219924C2000647B8 /* Assets.xcassets in Resources */,
				63FEFD03219924C1000647B8 /* Main.storyboard in Resources */,
			);
			runOnlyForDeploymentPostprocessing = 0;
		};
/* End PBXResourcesBuildPhase section */

/* Begin PBXSourcesBuildPhase section */
		63FEFCF4219924C1000647B8 /* Sources */ = {
			isa = PBXSourcesBuildPhase;
			buildActionMask = 2147483647;
			files = (
				63FEFD4021992519000647B8 /* AxisGearRenderer.m in Sources */,
				63FEFD4721992519000647B8 /* AxisBaseLine.m in Sources */,
				63FEFD3B21992519000647B8 /* AxisController.m in Sources */,
				63FEFD4521992519000647B8 /* AxisDigitalDivision.m in Sources */,
				63FEFD4121992519000647B8 /* AxisAppearanceRecognizer.m in Sources */,
				63FEFD00219924C1000647B8 /* ViewController.m in Sources */,
				63FEFD4921992519000647B8 /* AxisData.m in Sources */,
				63FEFD4821992519000647B8 /* AxisBackground.m in Sources */,
				63FEFD3E21992519000647B8 /* AxisDynamicItem.m in Sources */,
				63FEFD4621992519000647B8 /* AxisRule.m in Sources */,
				63FEFD4321992519000647B8 /* AxisRenderer.m in Sources */,
				63FEFD3D21992519000647B8 /* AxisController+Appearance.m in Sources */,
				63FEFD3F21992519000647B8 /* AxisController+Dynamic.m in Sources */,
				63FEFD0B219924C2000647B8 /* main.m in Sources */,
				63FEFD4221992519000647B8 /* AxisClockRenderer.m in Sources */,
				63FEFD4A21992519000647B8 /* AxisView.m in Sources */,
				63FEFCFD219924C1000647B8 /* AppDelegate.m in Sources */,
				63FEFD3C21992519000647B8 /* AxisAppearance.m in Sources */,
				63FEFD4421992519000647B8 /* AxisRuleRenderer.m in Sources */,
			);
			runOnlyForDeploymentPostprocessing = 0;
		};
/* End PBXSourcesBuildPhase section */

/* Begin PBXVariantGroup section */
		63FEFD01219924C1000647B8 /* Main.storyboard */ = {
			isa = PBXVariantGroup;
			children = (
				63FEFD02219924C1000647B8 /* Base */,
			);
			name = Main.storyboard;
			sourceTree = "<group>";
		};
		63FEFD06219924C2000647B8 /* LaunchScreen.storyboard */ = {
			isa = PBXVariantGroup;
			children = (
				63FEFD07219924C2000647B8 /* Base */,
			);
			name = LaunchScreen.storyboard;
			sourceTree = "<group>";
		};
/* End PBXVariantGroup section */

/* Begin XCBuildConfiguration section */
		63FEFD0C219924C2000647B8 /* Debug */ = {
			isa = XCBuildConfiguration;
			buildSettings = {
				ALWAYS_SEARCH_USER_PATHS = NO;
				CLANG_ANALYZER_NONNULL = YES;
				CLANG_ANALYZER_NUMBER_OBJECT_CONVERSION = YES_AGGRESSIVE;
				CLANG_CXX_LANGUAGE_STANDARD = "gnu++14";
				CLANG_CXX_LIBRARY = "libc++";
				CLANG_ENABLE_MODULES = YES;
				CLANG_ENABLE_OBJC_ARC = YES;
				CLANG_ENABLE_OBJC_WEAK = YES;
				CLANG_WARN_BLOCK_CAPTURE_AUTORELEASING = YES;
				CLANG_WARN_BOOL_CONVERSION = YES;
				CLANG_WARN_COMMA = YES;
				CLANG_WARN_CONSTANT_CONVERSION = YES;
				CLANG_WARN_DEPRECATED_OBJC_IMPLEMENTATIONS = YES;
				CLANG_WARN_DIRECT_OBJC_ISA_USAGE = YES_ERROR;
				CLANG_WARN_DOCUMENTATION_COMMENTS = YES;
				CLANG_WARN_EMPTY_BODY = YES;
				CLANG_WARN_ENUM_CONVERSION = YES;
				CLANG_WARN_INFINITE_RECURSION = YES;
				CLANG_WARN_INT_CONVERSION = YES;
				CLANG_WARN_NON_LITERAL_NULL_CONVERSION = YES;
				CLANG_WARN_OBJC_IMPLICIT_RETAIN_SELF = YES;
				CLANG_WARN_OBJC_LITERAL_CONVERSION = YES;
				CLANG_WARN_OBJC_ROOT_CLASS = YES_ERROR;
				CLANG_WARN_RANGE_LOOP_ANALYSIS = YES;
				CLANG_WARN_STRICT_PROTOTYPES = YES;
				CLANG_WARN_SUSPICIOUS_MOVE = YES;
				CLANG_WARN_UNGUARDED_AVAILABILITY = YES_AGGRESSIVE;
				CLANG_WARN_UNREACHABLE_CODE = YES;
				CLANG_WARN__DUPLICATE_METHOD_MATCH = YES;
				CODE_SIGN_IDENTITY = "iPhone Developer";
				COPY_PHASE_STRIP = NO;
				DEBUG_INFORMATION_FORMAT = dwarf;
				ENABLE_STRICT_OBJC_MSGSEND = YES;
				ENABLE_TESTABILITY = YES;
				GCC_C_LANGUAGE_STANDARD = gnu11;
				GCC_DYNAMIC_NO_PIC = NO;
				GCC_NO_COMMON_BLOCKS = YES;
				GCC_OPTIMIZATION_LEVEL = 0;
				GCC_PREPROCESSOR_DEFINITIONS = (
					"DEBUG=1",
					"$(inherited)",
				);
				GCC_WARN_64_TO_32_BIT_CONVERSION = YES;
				GCC_WARN_ABOUT_RETURN_TYPE = YES_ERROR;
				GCC_WARN_UNDECLARED_SELECTOR = YES;
				GCC_WARN_UNINITIALIZED_AUTOS = YES_AGGRESSIVE;
				GCC_WARN_UNUSED_FUNCTION = YES;
				GCC_WARN_UNUSED_VARIABLE = YES;
				IPHONEOS_DEPLOYMENT_TARGET = 12.0;
				MTL_ENABLE_DEBUG_INFO = INCLUDE_SOURCE;
				MTL_FAST_MATH = YES;
				ONLY_ACTIVE_ARCH = YES;
				SDKROOT = iphoneos;
			};
			name = Debug;
		};
		63FEFD0D219924C2000647B8 /* Release */ = {
			isa = XCBuildConfiguration;
			buildSettings = {
				ALWAYS_SEARCH_USER_PATHS = NO;
				CLANG_ANALYZER_NONNULL = YES;
				CLANG_ANALYZER_NUMBER_OBJECT_CONVERSION = YES_AGGRESSIVE;
				CLANG_CXX_LANGUAGE_STANDARD = "gnu++14";
				CLANG_CXX_LIBRARY = "libc++";
				CLANG_ENABLE_MODULES = YES;
				CLANG_ENABLE_OBJC_ARC = YES;
				CLANG_ENABLE_OBJC_WEAK = YES;
				CLANG_WARN_BLOCK_CAPTURE_AUTORELEASING = YES;
				CLANG_WARN_BOOL_CONVERSION = YES;
				CLANG_WARN_COMMA = YES;
				CLANG_WARN_CONSTANT_CONVERSION = YES;
				CLANG_WARN_DEPRECATED_OBJC_IMPLEMENTATIONS = YES;
				CLANG_WARN_DIRECT_OBJC_ISA_USAGE = YES_ERROR;
				CLANG_WARN_DOCUMENTATION_COMMENTS = YES;
				CLANG_WARN_EMPTY_BODY = YES;
				CLANG_WARN_ENUM_CONVERSION = YES;
				CLANG_WARN_INFINITE_RECURSION = YES;
				CLANG_WARN_INT_CONVERSION = YES;
				CLANG_WARN_NON_LITERAL_NULL_CONVERSION = YES;
				CLANG_WARN_OBJC_IMPLICIT_RETAIN_SELF = YES;
				CLANG_WARN_OBJC_LITERAL_CONVERSION = YES;
				CLANG_WARN_OBJC_ROOT_CLASS = YES_ERROR;
				CLANG_WARN_RANGE_LOOP_ANALYSIS = YES;
				CLANG_WARN_STRICT_PROTOTYPES = YES;
				CLANG_WARN_SUSPICIOUS_MOVE = YES;
				CLANG_WARN_UNGUARDED_AVAILABILITY = YES_AGGRESSIVE;
				CLANG_WARN_UNREACHABLE_CODE = YES;
				CLANG_WARN__DUPLICATE_METHOD_MATCH = YES;
				CODE_SIGN_IDENTITY = "iPhone Developer";
				COPY_PHASE_STRIP = NO;
				DEBUG_INFORMATION_FORMAT = "dwarf-with-dsym";
				ENABLE_NS_ASSERTIONS = NO;
				ENABLE_STRICT_OBJC_MSGSEND = YES;
				GCC_C_LANGUAGE_STANDARD = gnu11;
				GCC_NO_COMMON_BLOCKS = YES;
				GCC_WARN_64_TO_32_BIT_CONVERSION = YES;
				GCC_WARN_ABOUT_RETURN_TYPE = YES_ERROR;
				GCC_WARN_UNDECLARED_SELECTOR = YES;
				GCC_WARN_UNINITIALIZED_AUTOS = YES_AGGRESSIVE;
				GCC_WARN_UNUSED_FUNCTION = YES;
				GCC_WARN_UNUSED_VARIABLE = YES;
				IPHONEOS_DEPLOYMENT_TARGET = 12.0;
				MTL_ENABLE_DEBUG_INFO = NO;
				MTL_FAST_MATH = YES;
				SDKROOT = iphoneos;
				VALIDATE_PRODUCT = YES;
			};
			name = Release;
		};
		63FEFD0F219924C2000647B8 /* Debug */ = {
			isa = XCBuildConfiguration;
			buildSettings = {
				ASSETCATALOG_COMPILER_APPICON_NAME = AppIcon;
				CODE_SIGN_STYLE = Automatic;
				INFOPLIST_FILE = Axis/Info.plist;
				LD_RUNPATH_SEARCH_PATHS = (
					"$(inherited)",
					"@executable_path/Frameworks",
				);
				PRODUCT_BUNDLE_IDENTIFIER = com.daniel.Axis;
				PRODUCT_NAME = "$(TARGET_NAME)";
				TARGETED_DEVICE_FAMILY = "1,2";
			};
			name = Debug;
		};
		63FEFD10219924C2000647B8 /* Release */ = {
			isa = XCBuildConfiguration;
			buildSettings = {
				ASSETCATALOG_COMPILER_APPICON_NAME = AppIcon;
				CODE_SIGN_STYLE = Automatic;
				INFOPLIST_FILE = Axis/Info.plist;
				LD_RUNPATH_SEARCH_PATHS = (
					"$(inherited)",
					"@executable_path/Frameworks",
				);
				PRODUCT_BUNDLE_IDENTIFIER = com.daniel.Axis;
				PRODUCT_NAME = "$(TARGET_NAME)";
				TARGETED_DEVICE_FAMILY = "1,2";
			};
			name = Release;
		};
/* End XCBuildConfiguration section */

/* Begin XCConfigurationList section */
		63FEFCF3219924C1000647B8 /* Build configuration list for PBXProject "Axis" */ = {
			isa = XCConfigurationList;
			buildConfigurations = (
				63FEFD0C219924C2000647B8 /* Debug */,
				63FEFD0D219924C2000647B8 /* Release */,
			);
			defaultConfigurationIsVisible = 0;
			defaultConfigurationName = Release;
		};
		63FEFD0E219924C2000647B8 /* Build configuration list for PBXNativeTarget "Axis" */ = {
			isa = XCConfigurationList;
			buildConfigurations = (
				63FEFD0F219924C2000647B8 /* Debug */,
				63FEFD10219924C2000647B8 /* Release */,
			);
			defaultConfigurationIsVisible = 0;
			defaultConfigurationName = Release;
		};
/* End XCConfigurationList section */
	};
	rootObject = 63FEFCF0219924C1000647B8 /* Project object */;
}
